
Microsoft Visual Studio Solution File, Format Version 12.00
# Visual Studio Version 17
VisualStudioVersion = 17.3.32825.248
MinimumVisualStudioVersion = 10.0.40219.1
Project("{FAE04EC0-301F-11D3-BF4B-00C04F79EFBC}") = "Ivvan", "Ivvan\Ivvan.csproj", "{D78A2F41-CFCB-4BA8-A34C-68686FBD9D3C}"
EndProject
Global
	GlobalSection(SolutionConfigurationPlatforms) = preSolution
		Debug|Any CPU = Debug|Any CPU
		Release|Any CPU = Release|Any CPU
	EndGlobalSection
	GlobalSection(ProjectConfigurationPlatforms) = postSolution
		{D78A2F41-CFCB-4BA8-A34C-68686FBD9D3C}.Debug|Any CPU.ActiveCfg = Debug|Any CPU
		{D78A2F41-CFCB-4BA8-A34C-68686FBD9D3C}.Debug|Any CPU.Build.0 = Debug|Any CPU
		{D78A2F41-CFCB-4BA8-A34C-68686FBD9D3C}.Release|Any CPU.ActiveCfg = Release|Any CPU
		{D78A2F41-CFCB-4BA8-A34C-68686FBD9D3C}.Release|Any CPU.Build.0 = Release|Any CPU
	EndGlobalSection
	GlobalSection(SolutionProperties) = preSolution
		HideSolutionNode = FALSE
	EndGlobalSection
	GlobalSection(ExtensibilityGlobals) = postSolution
		SolutionGuid = {CB68A864-AD47-409C-8EC4-E352A206BE51}
	EndGlobalSection
EndGlobal
